{
  "name": "bitsmun_website",
  "lockfileVersion": 2,
  "requires": true,
  "packages": {
    "": {
      "dependencies": {
        "iframe-resizer": "^4.3.3"
      }
    },
    "node_modules/iframe-resizer": {
      "version": "4.3.3",
      "resolved": "https://registry.npmjs.org/iframe-resizer/-/iframe-resizer-4.3.3.tgz",
      "integrity": "sha512-emI63nkTCaQrAoHMLpl+1gDGL4VjexameFoUKoE7bSudf2//n0KdwMyKXtvScqzps9KR68TrVLjFNw+Qo6rLaw==",
      "engines": {
        "node": ">=0.8.0"
      },
      "funding": {
        "type": "individual",
        "url": "https://github.com/davidjbradshaw/iframe-resizer/blob/master/FUNDING.md"
      }
    }
  },
  "dependencies": {
    "iframe-resizer": {
      "version": "4.3.3",
      "resolved": "https://registry.npmjs.org/iframe-resizer/-/iframe-resizer-4.3.3.tgz",
      "integrity": "sha512-emI63nkTCaQrAoHMLpl+1gDGL4VjexameFoUKoE7bSudf2//n0KdwMyKXtvScqzps9KR68TrVLjFNw+Qo6rLaw=="
    }
  }
}
